PODS:
  - AFNetworking (2.4.1):
    - AFNetworking/NSURLConnection
    - AFNetworking/NSURLSession
    - AFNetworking/Reachability
    - AFNetworking/Security
    - AFNetworking/Serialization
    - AFNetworking/UIKit
  - AFNetworking/NSURLConnection (2.4.1):
    - AFNetworking/Reachability
    - AFNetworking/Security
    - AFNetworking/Serialization
  - AFNetworking/NSURLSession (2.4.1):
    - AFNetworking/Reachability
    - AFNetworking/Security
    - AFNetworking/Serialization
  - AFNetworking/Reachability (2.4.1)
  - AFNetworking/Security (2.4.1)
  - AFNetworking/Serialization (2.4.1)
  - AFNetworking/UIKit (2.4.1):
    - AFNetworking/NSURLConnection
    - AFNetworking/NSURLSession
  - MBProgressHUD (0.9)
  - MFSideMenu (0.5.5)
  - Reachability (3.1.1)
  - SDWebImage (3.7.1):
    - SDWebImage/Core
  - SDWebImage/Core (3.7.1)
  - TSPopover (0.1.0)
  - XHRefreshControl (3.6)

DEPENDENCIES:
  - AFNetworking (~> 2.4.1)
  - MBProgressHUD (~> 0.9)
  - MFSideMenu (~> 0.5.5)
  - Reachability (~> 3.1.1)
  - SDWebImage (~> 3.7.1)
  - TSPopover (~> 0.1.0)
  - XHRefreshControl (~> 3.6)

SPEC CHECKSUMS:
  AFNetworking: 0aabc6fae66d6e5d039eeb21c315843c7aae51ab
  MBProgressHUD: 2038dbcf3dce73215abed6001657043d53aa79a8
  MFSideMenu: 0493b0f57385dd036cc5443407a31fda6dee81ac
  Reachability: 8e9635e3cb4f98e7f825e51147f677ecc694d0e7
  SDWebImage: 116e88633b5b416ea0ca4b334a4ac59cf72dd38d
  TSPopover: 7424d73c5d4628055d3692fc1c8c902ac91bff2c
  XHRefreshControl: eb2d4aafaf5972e3c0ebd64bbf4612bdf6a098df

COCOAPODS: 0.34.4
